
Microsoft Visual Studio Solution File, Format Version 12.00
# Visual Studio Version 16
VisualStudioVersion = 16.0.28803.202
MinimumVisualStudioVersion = 10.0.40219.1
Project("{FAE04EC0-301F-11D3-BF4B-00C04F79EFBC}") = "MyDDD.Application", "Src\MyDDD.Application\MyDDD.Application.csproj", "{5A6D1840-356F-4D04-9A0A-296FB51D548E}"
EndProject
Project("{FAE04EC0-301F-11D3-BF4B-00C04F79EFBC}") = "MyDDD.Domain", "Src\MyDDD.Domain\MyDDD.Domain.csproj", "{4A269296-2DCA-4CB4-86C5-04533D5D5A1C}"
EndProject
Project("{FAE04EC0-301F-11D3-BF4B-00C04F79EFBC}") = "MyDDD.Domain.Core", "Src\MyDDD.Domain.Core\MyDDD.Domain.Core.csproj", "{F2CC5E5B-1024-4461-9A24-BC6E65CBFCD6}"
EndProject
Project("{FAE04EC0-301F-11D3-BF4B-00C04F79EFBC}") = "MyDDD.Infrastructure", "Src\MyDDD.Infrastructure\MyDDD.Infrastructure.csproj", "{143FACC9-160D-4E6B-B0B7-F82AFD4BD093}"
EndProject
Project("{FAE04EC0-301F-11D3-BF4B-00C04F79EFBC}") = "MyDDD.WebApi", "Src\MyDDD.WebApi\MyDDD.WebApi.csproj", "{AD5B2C06-E632-46AA-929C-1D73D6ACFBEA}"
EndProject
Global
	GlobalSection(SolutionConfigurationPlatforms) = preSolution
		Debug|Any CPU = Debug|Any CPU
		Release|Any CPU = Release|Any CPU
	EndGlobalSection
	GlobalSection(ProjectConfigurationPlatforms) = postSolution
		{5A6D1840-356F-4D04-9A0A-296FB51D548E}.Debug|Any CPU.ActiveCfg = Debug|Any CPU
		{5A6D1840-356F-4D04-9A0A-296FB51D548E}.Debug|Any CPU.Build.0 = Debug|Any CPU
		{5A6D1840-356F-4D04-9A0A-296FB51D548E}.Release|Any CPU.ActiveCfg = Release|Any CPU
		{5A6D1840-356F-4D04-9A0A-296FB51D548E}.Release|Any CPU.Build.0 = Release|Any CPU
		{4A269296-2DCA-4CB4-86C5-04533D5D5A1C}.Debug|Any CPU.ActiveCfg = Debug|Any CPU
		{4A269296-2DCA-4CB4-86C5-04533D5D5A1C}.Debug|Any CPU.Build.0 = Debug|Any CPU
		{4A269296-2DCA-4CB4-86C5-04533D5D5A1C}.Release|Any CPU.ActiveCfg = Release|Any CPU
		{4A269296-2DCA-4CB4-86C5-04533D5D5A1C}.Release|Any CPU.Build.0 = Release|Any CPU
		{F2CC5E5B-1024-4461-9A24-BC6E65CBFCD6}.Debug|Any CPU.ActiveCfg = Debug|Any CPU
		{F2CC5E5B-1024-4461-9A24-BC6E65CBFCD6}.Debug|Any CPU.Build.0 = Debug|Any CPU
		{F2CC5E5B-1024-4461-9A24-BC6E65CBFCD6}.Release|Any CPU.ActiveCfg = Release|Any CPU
		{F2CC5E5B-1024-4461-9A24-BC6E65CBFCD6}.Release|Any CPU.Build.0 = Release|Any CPU
		{143FACC9-160D-4E6B-B0B7-F82AFD4BD093}.Debug|Any CPU.ActiveCfg = Debug|Any CPU
		{143FACC9-160D-4E6B-B0B7-F82AFD4BD093}.Debug|Any CPU.Build.0 = Debug|Any CPU
		{143FACC9-160D-4E6B-B0B7-F82AFD4BD093}.Release|Any CPU.ActiveCfg = Release|Any CPU
		{143FACC9-160D-4E6B-B0B7-F82AFD4BD093}.Release|Any CPU.Build.0 = Release|Any CPU
		{AD5B2C06-E632-46AA-929C-1D73D6ACFBEA}.Debug|Any CPU.ActiveCfg = Debug|Any CPU
		{AD5B2C06-E632-46AA-929C-1D73D6ACFBEA}.Debug|Any CPU.Build.0 = Debug|Any CPU
		{AD5B2C06-E632-46AA-929C-1D73D6ACFBEA}.Release|Any CPU.ActiveCfg = Release|Any CPU
		{AD5B2C06-E632-46AA-929C-1D73D6ACFBEA}.Release|Any CPU.Build.0 = Release|Any CPU
	EndGlobalSection
	GlobalSection(SolutionProperties) = preSolution
		HideSolutionNode = FALSE
	EndGlobalSection
	GlobalSection(ExtensibilityGlobals) = postSolution
		SolutionGuid = {926C5A31-A3F6-49E7-8EA9-CB0F496671CC}
	EndGlobalSection
EndGlobal
